
Microsoft Visual Studio Solution File, Format Version 12.00
# Visual Studio Version 17
VisualStudioVersion = 17.4.33110.190
MinimumVisualStudioVersion = 10.0.40219.1
Project("{FAE04EC0-301F-11D3-BF4B-00C04F79EFBC}") = "HY.FeiShu.oAuth", "HY.FeiShu.oAhut\HY.FeiShu.oAuth.csproj", "{A7B5C594-FC88-46F6-A5B4-DF9963CCDE14}"
EndProject
Project("{FAE04EC0-301F-11D3-BF4B-00C04F79EFBC}") = "HY.FeiShu.oAhut.Sample", "HY.FeiShu.oAhut.Sample\HY.FeiShu.oAhut.Sample.csproj", "{46C6FD61-9FF8-4C4D-935E-F5D9EC30C414}"
EndProject
Global
	GlobalSection(SolutionConfigurationPlatforms) = preSolution
		Debug|Any CPU = Debug|Any CPU
		Release|Any CPU = Release|Any CPU
	EndGlobalSection
	GlobalSection(ProjectConfigurationPlatforms) = postSolution
		{A7B5C594-FC88-46F6-A5B4-DF9963CCDE14}.Debug|Any CPU.ActiveCfg = Debug|Any CPU
		{A7B5C594-FC88-46F6-A5B4-DF9963CCDE14}.Debug|Any CPU.Build.0 = Debug|Any CPU
		{A7B5C594-FC88-46F6-A5B4-DF9963CCDE14}.Release|Any CPU.ActiveCfg = Release|Any CPU
		{A7B5C594-FC88-46F6-A5B4-DF9963CCDE14}.Release|Any CPU.Build.0 = Release|Any CPU
		{46C6FD61-9FF8-4C4D-935E-F5D9EC30C414}.Debug|Any CPU.ActiveCfg = Debug|Any CPU
		{46C6FD61-9FF8-4C4D-935E-F5D9EC30C414}.Debug|Any CPU.Build.0 = Debug|Any CPU
		{46C6FD61-9FF8-4C4D-935E-F5D9EC30C414}.Release|Any CPU.ActiveCfg = Release|Any CPU
		{46C6FD61-9FF8-4C4D-935E-F5D9EC30C414}.Release|Any CPU.Build.0 = Release|Any CPU
	EndGlobalSection
	GlobalSection(SolutionProperties) = preSolution
		HideSolutionNode = FALSE
	EndGlobalSection
	GlobalSection(ExtensibilityGlobals) = postSolution
		SolutionGuid = {C8D92076-1993-4185-810E-3269DD9CF0B0}
	EndGlobalSection
EndGlobal
